
Microsoft Visual Studio Solution File, Format Version 12.00
# Visual Studio Version 16
VisualStudioVersion = 16.0.30804.86
MinimumVisualStudioVersion = 10.0.40219.1
Project("{9A19103F-16F7-4668-BE54-9A1E7A4F7556}") = "SourceStack", "SourceStack.csproj", "{1386ED5F-E4D7-4707-87A1-CBCA12DBFE80}"
EndProject
Project("{FAE04EC0-301F-11D3-BF4B-00C04F79EFBC}") = "CSharp", "..\CSharp\CSharp.csproj", "{1FFF9CE2-A6A2-486B-B29D-729C9E418A6C}"
EndProject
Global
	GlobalSection(SolutionConfigurationPlatforms) = preSolution
		Debug|Any CPU = Debug|Any CPU
		Release|Any CPU = Release|Any CPU
	EndGlobalSection
	GlobalSection(ProjectConfigurationPlatforms) = postSolution
		{1386ED5F-E4D7-4707-87A1-CBCA12DBFE80}.Debug|Any CPU.ActiveCfg = Debug|Any CPU
		{1386ED5F-E4D7-4707-87A1-CBCA12DBFE80}.Debug|Any CPU.Build.0 = Debug|Any CPU
		{1386ED5F-E4D7-4707-87A1-CBCA12DBFE80}.Release|Any CPU.ActiveCfg = Release|Any CPU
		{1386ED5F-E4D7-4707-87A1-CBCA12DBFE80}.Release|Any CPU.Build.0 = Release|Any CPU
		{1FFF9CE2-A6A2-486B-B29D-729C9E418A6C}.Debug|Any CPU.ActiveCfg = Debug|Any CPU
		{1FFF9CE2-A6A2-486B-B29D-729C9E418A6C}.Debug|Any CPU.Build.0 = Debug|Any CPU
		{1FFF9CE2-A6A2-486B-B29D-729C9E418A6C}.Release|Any CPU.ActiveCfg = Release|Any CPU
		{1FFF9CE2-A6A2-486B-B29D-729C9E418A6C}.Release|Any CPU.Build.0 = Release|Any CPU
	EndGlobalSection
	GlobalSection(SolutionProperties) = preSolution
		HideSolutionNode = FALSE
	EndGlobalSection
	GlobalSection(ExtensibilityGlobals) = postSolution
		SolutionGuid = {8BCBC7F6-5AE6-4E82-8EAC-0A29B717B373}
	EndGlobalSection
EndGlobal
